
Microsoft Visual Studio Solution File, Format Version 12.00
# Visual Studio 14
VisualStudioVersion = 14.0.25420.1
MinimumVisualStudioVersion = 10.0.40219.1
Project("{FAE04EC0-301F-11D3-BF4B-00C04F79EFBC}") = "TestInheritance", "TestInheritance\TestInheritance.csproj", "{AAB939FE-DD94-45C4-9D54-8B933753A078}"
EndProject
Global
	GlobalSection(SolutionConfigurationPlatforms) = preSolution
		Debug|Any CPU = Debug|Any CPU
		Release|Any CPU = Release|Any CPU
	EndGlobalSection
	GlobalSection(ProjectConfigurationPlatforms) = postSolution
		{AAB939FE-DD94-45C4-9D54-8B933753A078}.Debug|Any CPU.ActiveCfg = Debug|Any CPU
		{AAB939FE-DD94-45C4-9D54-8B933753A078}.Debug|Any CPU.Build.0 = Debug|Any CPU
		{AAB939FE-DD94-45C4-9D54-8B933753A078}.Release|Any CPU.ActiveCfg = Release|Any CPU
		{AAB939FE-DD94-45C4-9D54-8B933753A078}.Release|Any CPU.Build.0 = Release|Any CPU
	EndGlobalSection
	GlobalSection(SolutionProperties) = preSolution
		HideSolutionNode = FALSE
	EndGlobalSection
EndGlobal
